PODS:
  - Flutter (1.0.0)
  - flutter_sequencer (0.0.2):
    - Flutter

DEPENDENCIES:
  - Flutter (from `Flutter`)
  - flutter_sequencer (from `.symlinks/plugins/flutter_sequencer/ios`)

EXTERNAL SOURCES:
  Flutter:
    :path: Flutter
  flutter_sequencer:
    :path: ".symlinks/plugins/flutter_sequencer/ios"

SPEC CHECKSUMS:
  Flutter: e0871f40cf51350855a761d2e70bf5af5b9b5de7
  flutter_sequencer: 2adbc0ff33e04d371c31cd4859d4a2e391c6cd4e

PODFILE CHECKSUM: dad5c248050686c335cc08c1ccd09e748efa0961

COCOAPODS: 1.16.2
