PODS:
  - Flutter (1.0.0)
  - flutter_sequencer (0.1.0):
    - Flutter

DEPENDENCIES:
  - Flutter (from `Flutter`)
  - flutter_sequencer (from `.symlinks/plugins/flutter_sequencer/ios`)

EXTERNAL SOURCES:
  Flutter:
    :path: Flutter
  flutter_sequencer:
    :path: ".symlinks/plugins/flutter_sequencer/ios"

SPEC CHECKSUMS:
  Flutter: e0871f40cf51350855a761d2e70bf5af5b9b5de7
  flutter_sequencer: e44dfb5c57621c657488eb951f47417b99060db7

PODFILE CHECKSUM: 1ed71ae4903b2a4a8483332bd4aed66941d228e3

COCOAPODS: 1.16.2
