PODS:
  - Flutter (1.0.0)
  - flutter_sequencer (0.1.0):
    - Flutter

DEPENDENCIES:
  - Flutter (from `Flutter`)
  - flutter_sequencer (from `.symlinks/plugins/flutter_sequencer/ios`)

EXTERNAL SOURCES:
  Flutter:
    :path: Flutter
  flutter_sequencer:
    :path: ".symlinks/plugins/flutter_sequencer/ios"

SPEC CHECKSUMS:
  Flutter: e0871f40cf51350855a761d2e70bf5af5b9b5de7
  flutter_sequencer: 06af0c548f415b078bac3edd68151f0babd66b55

PODFILE CHECKSUM: 7d2fd379982b031b04ec8e79125f5d6ca4f4e94d

COCOAPODS: 1.16.2
