PODS:
  - flutter_sequencer (0.1.0):
    - FlutterMacOS
  - FlutterMacOS (1.0.0)

DEPENDENCIES:
  - flutter_sequencer (from `Flutter/ephemeral/.symlinks/plugins/flutter_sequencer/macos`)
  - FlutterMacOS (from `Flutter/ephemeral`)

EXTERNAL SOURCES:
  flutter_sequencer:
    :path: Flutter/ephemeral/.symlinks/plugins/flutter_sequencer/macos
  FlutterMacOS:
    :path: Flutter/ephemeral

SPEC CHECKSUMS:
  flutter_sequencer: b46d8c708e0b90600d4dc79db99ed041b235e1ab
  FlutterMacOS: 8f6f14fa908a6fb3fba0cd85dbd81ec4b251fb24

PODFILE CHECKSUM: 8c47cd799b9cdcf6ba8db786cf76be06bc40d4e1

COCOAPODS: 1.16.2
